
Microsoft Visual Studio Solution File, Format Version 12.00
# Visual Studio Version 16
VisualStudioVersion = 16.0.30717.126
MinimumVisualStudioVersion = 10.0.40219.1
Project("{9A19103F-16F7-4668-BE54-9A1E7A4F7556}") = "organizer_server", "organizer_server\organizer_server.csproj", "{560E49F3-FC09-4FC3-AA16-05F1877E9ECF}"
EndProject
Global
	GlobalSection(SolutionConfigurationPlatforms) = preSolution
		Debug|Any CPU = Debug|Any CPU
		Release|Any CPU = Release|Any CPU
	EndGlobalSection
	GlobalSection(ProjectConfigurationPlatforms) = postSolution
		{560E49F3-FC09-4FC3-AA16-05F1877E9ECF}.Debug|Any CPU.ActiveCfg = Debug|Any CPU
		{560E49F3-FC09-4FC3-AA16-05F1877E9ECF}.Debug|Any CPU.Build.0 = Debug|Any CPU
		{560E49F3-FC09-4FC3-AA16-05F1877E9ECF}.Release|Any CPU.ActiveCfg = Release|Any CPU
		{560E49F3-FC09-4FC3-AA16-05F1877E9ECF}.Release|Any CPU.Build.0 = Release|Any CPU
	EndGlobalSection
	GlobalSection(SolutionProperties) = preSolution
		HideSolutionNode = FALSE
	EndGlobalSection
	GlobalSection(ExtensibilityGlobals) = postSolution
		SolutionGuid = {29F7B6CB-010A-4399-85BA-505525EDA8A9}
	EndGlobalSection
EndGlobal
